// !$*UTF8*$!
{
	archiveVersion = 1;
	classes = {
	};
	objectVersion = 55;
	objects = {

/* Begin PBXBuildFile section */
		860492C7283FBC3100A9BCFC /* rotate.sks in Resources */ = {isa = PBXBuildFile; fileRef = 860492C6283FBC3100A9BCFC /* rotate.sks */; };
		865B0642283698D600DE90AD /* death.sks in Resources */ = {isa = PBXBuildFile; fileRef = 865B0641283698D600DE90AD /* death.sks */; };
		869B70762857747C0070CF24 /* song.sks in Resources */ = {isa = PBXBuildFile; fileRef = 869B70752857747C0070CF24 /* song.sks */; };
		869B707A285778780070CF24 /* song.m4a in Resources */ = {isa = PBXBuildFile; fileRef = 869B70792857781E0070CF24 /* song.m4a */; };
		869B707C2857A5DF0070CF24 /* bgColorBlue.sks in Resources */ = {isa = PBXBuildFile; fileRef = 869B707B2857A5DF0070CF24 /* bgColorBlue.sks */; };
		86C4ABDB2825593400ED913F /* AppDelegate.swift in Sources */ = {isa = PBXBuildFile; fileRef = 86C4ABDA2825593400ED913F /* AppDelegate.swift */; };
		86C4ABDD2825593400ED913F /* GameScene.sks in Resources */ = {isa = PBXBuildFile; fileRef = 86C4ABDC2825593400ED913F /* GameScene.sks */; };
		86C4ABDF2825593400ED913F /* Actions.sks in Resources */ = {isa = PBXBuildFile; fileRef = 86C4ABDE2825593400ED913F /* Actions.sks */; };
		86C4ABE12825593400ED913F /* GameScene.swift in Sources */ = {isa = PBXBuildFile; fileRef = 86C4ABE02825593400ED913F /* GameScene.swift */; };
		86C4ABE32825593400ED913F /* GameViewController.swift in Sources */ = {isa = PBXBuildFile; fileRef = 86C4ABE22825593400ED913F /* GameViewController.swift */; };
		86C4ABE62825593400ED913F /* Main.storyboard in Resources */ = {isa = PBXBuildFile; fileRef = 86C4ABE42825593400ED913F /* Main.storyboard */; };
		86C4ABE82825593A00ED913F /* Assets.xcassets in Resources */ = {isa = PBXBuildFile; fileRef = 86C4ABE72825593A00ED913F /* Assets.xcassets */; };
		86C4ABEB2825593A00ED913F /* LaunchScreen.storyboard in Resources */ = {isa = PBXBuildFile; fileRef = 86C4ABE92825593A00ED913F /* LaunchScreen.storyboard */; };
		86CB7347284E4703001217A1 /* camera up.sks in Resources */ = {isa = PBXBuildFile; fileRef = 86CB7346284E4703001217A1 /* camera up.sks */; };
		86CB73492850E0F0001217A1 /* camera down.sks in Resources */ = {isa = PBXBuildFile; fileRef = 86CB73482850E0F0001217A1 /* camera down.sks */; };
/* End PBXBuildFile section */

/* Begin PBXFileReference section */
		860492C6283FBC3100A9BCFC /* rotate.sks */ = {isa = PBXFileReference; lastKnownFileType = file.sks; path = rotate.sks; sourceTree = "<group>"; };
		865B0641283698D600DE90AD /* death.sks */ = {isa = PBXFileReference; lastKnownFileType = file.sks; path = death.sks; sourceTree = "<group>"; };
		869B70752857747C0070CF24 /* song.sks */ = {isa = PBXFileReference; lastKnownFileType = file.sks; path = song.sks; sourceTree = "<group>"; };
		869B70792857781E0070CF24 /* song.m4a */ = {isa = PBXFileReference; lastKnownFileType = file; path = song.m4a; sourceTree = "<group>"; };
		869B707B2857A5DF0070CF24 /* bgColorBlue.sks */ = {isa = PBXFileReference; lastKnownFileType = file.sks; path = bgColorBlue.sks; sourceTree = "<group>"; };
		86C4ABD72825593400ED913F /* geometry class.app */ = {isa = PBXFileReference; explicitFileType = wrapper.application; includeInIndex = 0; path = "geometry class.app"; sourceTree = BUILT_PRODUCTS_DIR; };
		86C4ABDA2825593400ED913F /* AppDelegate.swift */ = {isa = PBXFileReference; lastKnownFileType = sourcecode.swift; path = AppDelegate.swift; sourceTree = "<group>"; };
		86C4ABDC2825593400ED913F /* GameScene.sks */ = {isa = PBXFileReference; lastKnownFileType = file.sks; path = GameScene.sks; sourceTree = "<group>"; };
		86C4ABDE2825593400ED913F /* Actions.sks */ = {isa = PBXFileReference; lastKnownFileType = file.sks; path = Actions.sks; sourceTree = "<group>"; };
		86C4ABE02825593400ED913F /* GameScene.swift */ = {isa = PBXFileReference; lastKnownFileType = sourcecode.swift; path = GameScene.swift; sourceTree = "<group>"; };
		86C4ABE22825593400ED913F /* GameViewController.swift */ = {isa = PBXFileReference; lastKnownFileType = sourcecode.swift; path = GameViewController.swift; sourceTree = "<group>"; };
		86C4ABE52825593400ED913F /* Base */ = {isa = PBXFileReference; lastKnownFileType = file.storyboard; name = Base; path = Base.lproj/Main.storyboard; sourceTree = "<group>"; };
		86C4ABE72825593A00ED913F /* Assets.xcassets */ = {isa = PBXFileReference; lastKnownFileType = folder.assetcatalog; path = Assets.xcassets; sourceTree = "<group>"; };
		86C4ABEA2825593A00ED913F /* Base */ = {isa = PBXFileReference; lastKnownFileType = file.storyboard; name = Base; path = Base.lproj/LaunchScreen.storyboard; sourceTree = "<group>"; };
		86CB7346284E4703001217A1 /* camera up.sks */ = {isa = PBXFileReference; lastKnownFileType = file.sks; path = "camera up.sks"; sourceTree = "<group>"; };
		86CB73482850E0F0001217A1 /* camera down.sks */ = {isa = PBXFileReference; lastKnownFileType = file.sks; path = "camera down.sks"; sourceTree = "<group>"; };
/* End PBXFileReference section */

/* Begin PBXFrameworksBuildPhase section */
		86C4ABD42825593400ED913F /* Frameworks */ = {
			isa = PBXFrameworksBuildPhase;
			buildActionMask = 2147483647;
			files = (
			);
			runOnlyForDeploymentPostprocessing = 0;
		};
/* End PBXFrameworksBuildPhase section */

/* Begin PBXGroup section */
		86C4ABCE2825593400ED913F = {
			isa = PBXGroup;
			children = (
				860492C6283FBC3100A9BCFC /* rotate.sks */,
				86CB7346284E4703001217A1 /* camera up.sks */,
				86CB73482850E0F0001217A1 /* camera down.sks */,
				869B70752857747C0070CF24 /* song.sks */,
				869B707B2857A5DF0070CF24 /* bgColorBlue.sks */,
				86C4ABD92825593400ED913F /* geometry class */,
				86C4ABD82825593400ED913F /* Products */,
			);
			sourceTree = "<group>";
		};
		86C4ABD82825593400ED913F /* Products */ = {
			isa = PBXGroup;
			children = (
				86C4ABD72825593400ED913F /* geometry class.app */,
			);
			name = Products;
			sourceTree = "<group>";
		};
		86C4ABD92825593400ED913F /* geometry class */ = {
			isa = PBXGroup;
			children = (
				86C4ABDC2825593400ED913F /* GameScene.sks */,
				86C4ABE02825593400ED913F /* GameScene.swift */,
				865B0641283698D600DE90AD /* death.sks */,
				86C4ABDE2825593400ED913F /* Actions.sks */,
				86C4ABE22825593400ED913F /* GameViewController.swift */,
				86C4ABDA2825593400ED913F /* AppDelegate.swift */,
				86C4ABE42825593400ED913F /* Main.storyboard */,
				86C4ABE72825593A00ED913F /* Assets.xcassets */,
				86C4ABE92825593A00ED913F /* LaunchScreen.storyboard */,
				869B70792857781E0070CF24 /* song.m4a */,
			);
			path = "geometry class";
			sourceTree = "<group>";
		};
/* End PBXGroup section */

/* Begin PBXNativeTarget section */
		86C4ABD62825593400ED913F /* geometry class */ = {
			isa = PBXNativeTarget;
			buildConfigurationList = 86C4ABEE2825593A00ED913F /* Build configuration list for PBXNativeTarget "geometry class" */;
			buildPhases = (
				86C4ABD32825593400ED913F /* Sources */,
				86C4ABD42825593400ED913F /* Frameworks */,
				86C4ABD52825593400ED913F /* Resources */,
			);
			buildRules = (
			);
			dependencies = (
			);
			name = "geometry class";
			productName = "geometry class";
			productReference = 86C4ABD72825593400ED913F /* geometry class.app */;
			productType = "com.apple.product-type.application";
		};
/* End PBXNativeTarget section */

/* Begin PBXProject section */
		86C4ABCF2825593400ED913F /* Project object */ = {
			isa = PBXProject;
			attributes = {
				BuildIndependentTargetsInParallel = 1;
				LastSwiftUpdateCheck = 1330;
				LastUpgradeCheck = 1330;
				TargetAttributes = {
					86C4ABD62825593400ED913F = {
						CreatedOnToolsVersion = 13.3;
					};
				};
			};
			buildConfigurationList = 86C4ABD22825593400ED913F /* Build configuration list for PBXProject "geometry class" */;
			compatibilityVersion = "Xcode 13.0";
			developmentRegion = en;
			hasScannedForEncodings = 0;
			knownRegions = (
				en,
				Base,
			);
			mainGroup = 86C4ABCE2825593400ED913F;
			productRefGroup = 86C4ABD82825593400ED913F /* Products */;
			projectDirPath = "";
			projectRoot = "";
			targets = (
				86C4ABD62825593400ED913F /* geometry class */,
			);
		};
/* End PBXProject section */

/* Begin PBXResourcesBuildPhase section */
		86C4ABD52825593400ED913F /* Resources */ = {
			isa = PBXResourcesBuildPhase;
			buildActionMask = 2147483647;
			files = (
				869B707A285778780070CF24 /* song.m4a in Resources */,
				86CB73492850E0F0001217A1 /* camera down.sks in Resources */,
				869B707C2857A5DF0070CF24 /* bgColorBlue.sks in Resources */,
				860492C7283FBC3100A9BCFC /* rotate.sks in Resources */,
				869B70762857747C0070CF24 /* song.sks in Resources */,
				86C4ABE62825593400ED913F /* Main.storyboard in Resources */,
				86CB7347284E4703001217A1 /* camera up.sks in Resources */,
				86C4ABDD2825593400ED913F /* GameScene.sks in Resources */,
				86C4ABE82825593A00ED913F /* Assets.xcassets in Resources */,
				86C4ABEB2825593A00ED913F /* LaunchScreen.storyboard in Resources */,
				865B0642283698D600DE90AD /* death.sks in Resources */,
				86C4ABDF2825593400ED913F /* Actions.sks in Resources */,
			);
			runOnlyForDeploymentPostprocessing = 0;
		};
/* End PBXResourcesBuildPhase section */

/* Begin PBXSourcesBuildPhase section */
		86C4ABD32825593400ED913F /* Sources */ = {
			isa = PBXSourcesBuildPhase;
			buildActionMask = 2147483647;
			files = (
				86C4ABE12825593400ED913F /* GameScene.swift in Sources */,
				86C4ABE32825593400ED913F /* GameViewController.swift in Sources */,
				86C4ABDB2825593400ED913F /* AppDelegate.swift in Sources */,
			);
			runOnlyForDeploymentPostprocessing = 0;
		};
/* End PBXSourcesBuildPhase section */

/* Begin PBXVariantGroup section */
		86C4ABE42825593400ED913F /* Main.storyboard */ = {
			isa = PBXVariantGroup;
			children = (
				86C4ABE52825593400ED913F /* Base */,
			);
			name = Main.storyboard;
			sourceTree = "<group>";
		};
		86C4ABE92825593A00ED913F /* LaunchScreen.storyboard */ = {
			isa = PBXVariantGroup;
			children = (
				86C4ABEA2825593A00ED913F /* Base */,
			);
			name = LaunchScreen.storyboard;
			sourceTree = "<group>";
		};
/* End PBXVariantGroup section */

/* Begin XCBuildConfiguration section */
		86C4ABEC2825593A00ED913F /* Debug */ = {
			isa = XCBuildConfiguration;
			buildSettings = {
				ALWAYS_SEARCH_USER_PATHS = NO;
				CLANG_ANALYZER_NONNULL = YES;
				CLANG_ANALYZER_NUMBER_OBJECT_CONVERSION = YES_AGGRESSIVE;
				CLANG_CXX_LANGUAGE_STANDARD = "gnu++17";
				CLANG_ENABLE_MODULES = YES;
				CLANG_ENABLE_OBJC_ARC = YES;
				CLANG_ENABLE_OBJC_WEAK = YES;
				CLANG_WARN_BLOCK_CAPTURE_AUTORELEASING = YES;
				CLANG_WARN_BOOL_CONVERSION = YES;
				CLANG_WARN_COMMA = YES;
				CLANG_WARN_CONSTANT_CONVERSION = YES;
				CLANG_WARN_DEPRECATED_OBJC_IMPLEMENTATIONS = YES;
				CLANG_WARN_DIRECT_OBJC_ISA_USAGE = YES_ERROR;
				CLANG_WARN_DOCUMENTATION_COMMENTS = YES;
				CLANG_WARN_EMPTY_BODY = YES;
				CLANG_WARN_ENUM_CONVERSION = YES;
				CLANG_WARN_INFINITE_RECURSION = YES;
				CLANG_WARN_INT_CONVERSION = YES;
				CLANG_WARN_NON_LITERAL_NULL_CONVERSION = YES;
				CLANG_WARN_OBJC_IMPLICIT_RETAIN_SELF = YES;
				CLANG_WARN_OBJC_LITERAL_CONVERSION = YES;
				CLANG_WARN_OBJC_ROOT_CLASS = YES_ERROR;
				CLANG_WARN_QUOTED_INCLUDE_IN_FRAMEWORK_HEADER = YES;
				CLANG_WARN_RANGE_LOOP_ANALYSIS = YES;
				CLANG_WARN_STRICT_PROTOTYPES = YES;
				CLANG_WARN_SUSPICIOUS_MOVE = YES;
				CLANG_WARN_UNGUARDED_AVAILABILITY = YES_AGGRESSIVE;
				CLANG_WARN_UNREACHABLE_CODE = YES;
				CLANG_WARN__DUPLICATE_METHOD_MATCH = YES;
				COPY_PHASE_STRIP = NO;
				DEBUG_INFORMATION_FORMAT = dwarf;
				ENABLE_STRICT_OBJC_MSGSEND = YES;
				ENABLE_TESTABILITY = YES;
				GCC_C_LANGUAGE_STANDARD = gnu11;
				GCC_DYNAMIC_NO_PIC = NO;
				GCC_NO_COMMON_BLOCKS = YES;
				GCC_OPTIMIZATION_LEVEL = 0;
				GCC_PREPROCESSOR_DEFINITIONS = (
					"DEBUG=1",
					"$(inherited)",
				);
				GCC_WARN_64_TO_32_BIT_CONVERSION = YES;
				GCC_WARN_ABOUT_RETURN_TYPE = YES_ERROR;
				GCC_WARN_UNDECLARED_SELECTOR = YES;
				GCC_WARN_UNINITIALIZED_AUTOS = YES_AGGRESSIVE;
				GCC_WARN_UNUSED_FUNCTION = YES;
				GCC_WARN_UNUSED_VARIABLE = YES;
				IPHONEOS_DEPLOYMENT_TARGET = 15.4;
				MTL_ENABLE_DEBUG_INFO = INCLUDE_SOURCE;
				MTL_FAST_MATH = YES;
				ONLY_ACTIVE_ARCH = YES;
				SDKROOT = iphoneos;
				SWIFT_ACTIVE_COMPILATION_CONDITIONS = DEBUG;
				SWIFT_OPTIMIZATION_LEVEL = "-Onone";
			};
			name = Debug;
		};
		86C4ABED2825593A00ED913F /* Release */ = {
			isa = XCBuildConfiguration;
			buildSettings = {
				ALWAYS_SEARCH_USER_PATHS = NO;
				CLANG_ANALYZER_NONNULL = YES;
				CLANG_ANALYZER_NUMBER_OBJECT_CONVERSION = YES_AGGRESSIVE;
				CLANG_CXX_LANGUAGE_STANDARD = "gnu++17";
				CLANG_ENABLE_MODULES = YES;
				CLANG_ENABLE_OBJC_ARC = YES;
				CLANG_ENABLE_OBJC_WEAK = YES;
				CLANG_WARN_BLOCK_CAPTURE_AUTORELEASING = YES;
				CLANG_WARN_BOOL_CONVERSION = YES;
				CLANG_WARN_COMMA = YES;
				CLANG_WARN_CONSTANT_CONVERSION = YES;
				CLANG_WARN_DEPRECATED_OBJC_IMPLEMENTATIONS = YES;
				CLANG_WARN_DIRECT_OBJC_ISA_USAGE = YES_ERROR;
				CLANG_WARN_DOCUMENTATION_COMMENTS = YES;
				CLANG_WARN_EMPTY_BODY = YES;
				CLANG_WARN_ENUM_CONVERSION = YES;
				CLANG_WARN_INFINITE_RECURSION = YES;
				CLANG_WARN_INT_CONVERSION = YES;
				CLANG_WARN_NON_LITERAL_NULL_CONVERSION = YES;
				CLANG_WARN_OBJC_IMPLICIT_RETAIN_SELF = YES;
				CLANG_WARN_OBJC_LITERAL_CONVERSION = YES;
				CLANG_WARN_OBJC_ROOT_CLASS = YES_ERROR;
				CLANG_WARN_QUOTED_INCLUDE_IN_FRAMEWORK_HEADER = YES;
				CLANG_WARN_RANGE_LOOP_ANALYSIS = YES;
				CLANG_WARN_STRICT_PROTOTYPES = YES;
				CLANG_WARN_SUSPICIOUS_MOVE = YES;
				CLANG_WARN_UNGUARDED_AVAILABILITY = YES_AGGRESSIVE;
				CLANG_WARN_UNREACHABLE_CODE = YES;
				CLANG_WARN__DUPLICATE_METHOD_MATCH = YES;
				COPY_PHASE_STRIP = NO;
				DEBUG_INFORMATION_FORMAT = "dwarf-with-dsym";
				ENABLE_NS_ASSERTIONS = NO;
				ENABLE_STRICT_OBJC_MSGSEND = YES;
				GCC_C_LANGUAGE_STANDARD = gnu11;
				GCC_NO_COMMON_BLOCKS = YES;
				GCC_WARN_64_TO_32_BIT_CONVERSION = YES;
				GCC_WARN_ABOUT_RETURN_TYPE = YES_ERROR;
				GCC_WARN_UNDECLARED_SELECTOR = YES;
				GCC_WARN_UNINITIALIZED_AUTOS = YES_AGGRESSIVE;
				GCC_WARN_UNUSED_FUNCTION = YES;
				GCC_WARN_UNUSED_VARIABLE = YES;
				IPHONEOS_DEPLOYMENT_TARGET = 15.4;
				MTL_ENABLE_DEBUG_INFO = NO;
				MTL_FAST_MATH = YES;
				SDKROOT = iphoneos;
				SWIFT_COMPILATION_MODE = wholemodule;
				SWIFT_OPTIMIZATION_LEVEL = "-O";
				VALIDATE_PRODUCT = YES;
			};
			name = Release;
		};
		86C4ABEF2825593A00ED913F /* Debug */ = {
			isa = XCBuildConfiguration;
			buildSettings = {
				ASSETCATALOG_COMPILER_APPICON_NAME = AppIcon;
				ASSETCATALOG_COMPILER_GLOBAL_ACCENT_COLOR_NAME = AccentColor;
				CODE_SIGN_STYLE = Automatic;
				CURRENT_PROJECT_VERSION = 1;
				DEVELOPMENT_TEAM = DNJ75V34FZ;
				GENERATE_INFOPLIST_FILE = YES;
				INFOPLIST_KEY_UIApplicationSupportsIndirectInputEvents = YES;
				INFOPLIST_KEY_UILaunchStoryboardName = LaunchScreen;
				INFOPLIST_KEY_UIMainStoryboardFile = Main;
				INFOPLIST_KEY_UIStatusBarHidden = YES;
				INFOPLIST_KEY_UISupportedInterfaceOrientations = UIInterfaceOrientationLandscapeLeft;
				INFOPLIST_KEY_UISupportedInterfaceOrientations_iPad = "UIInterfaceOrientationLandscapeLeft UIInterfaceOrientationLandscapeRight";
				INFOPLIST_KEY_UISupportedInterfaceOrientations_iPhone = "UIInterfaceOrientationLandscapeLeft UIInterfaceOrientationLandscapeRight";
				LD_RUNPATH_SEARCH_PATHS = (
					"$(inherited)",
					"@executable_path/Frameworks",
				);
				MARKETING_VERSION = 1.0;
				PRODUCT_BUNDLE_IDENTIFIER = "com.david.geometry-class";
				PRODUCT_NAME = "$(TARGET_NAME)";
				SWIFT_EMIT_LOC_STRINGS = YES;
				SWIFT_VERSION = 5.0;
				TARGETED_DEVICE_FAMILY = "1,2";
			};
			name = Debug;
		};
		86C4ABF02825593A00ED913F /* Release */ = {
			isa = XCBuildConfiguration;
			buildSettings = {
				ASSETCATALOG_COMPILER_APPICON_NAME = AppIcon;
				ASSETCATALOG_COMPILER_GLOBAL_ACCENT_COLOR_NAME = AccentColor;
				CODE_SIGN_STYLE = Automatic;
				CURRENT_PROJECT_VERSION = 1;
				DEVELOPMENT_TEAM = DNJ75V34FZ;
				GENERATE_INFOPLIST_FILE = YES;
				INFOPLIST_KEY_UIApplicationSupportsIndirectInputEvents = YES;
				INFOPLIST_KEY_UILaunchStoryboardName = LaunchScreen;
				INFOPLIST_KEY_UIMainStoryboardFile = Main;
				INFOPLIST_KEY_UIStatusBarHidden = YES;
				INFOPLIST_KEY_UISupportedInterfaceOrientations = UIInterfaceOrientationLandscapeLeft;
				INFOPLIST_KEY_UISupportedInterfaceOrientations_iPad = "UIInterfaceOrientationLandscapeLeft UIInterfaceOrientationLandscapeRight";
				INFOPLIST_KEY_UISupportedInterfaceOrientations_iPhone = "UIInterfaceOrientationLandscapeLeft UIInterfaceOrientationLandscapeRight";
				LD_RUNPATH_SEARCH_PATHS = (
					"$(inherited)",
					"@executable_path/Frameworks",
				);
				MARKETING_VERSION = 1.0;
				PRODUCT_BUNDLE_IDENTIFIER = "com.david.geometry-class";
				PRODUCT_NAME = "$(TARGET_NAME)";
				SWIFT_EMIT_LOC_STRINGS = YES;
				SWIFT_VERSION = 5.0;
				TARGETED_DEVICE_FAMILY = "1,2";
			};
			name = Release;
		};
/* End XCBuildConfiguration section */

/* Begin XCConfigurationList section */
		86C4ABD22825593400ED913F /* Build configuration list for PBXProject "geometry class" */ = {
			isa = XCConfigurationList;
			buildConfigurations = (
				86C4ABEC2825593A00ED913F /* Debug */,
				86C4ABED2825593A00ED913F /* Release */,
			);
			defaultConfigurationIsVisible = 0;
			defaultConfigurationName = Release;
		};
		86C4ABEE2825593A00ED913F /* Build configuration list for PBXNativeTarget "geometry class" */ = {
			isa = XCConfigurationList;
			buildConfigurations = (
				86C4ABEF2825593A00ED913F /* Debug */,
				86C4ABF02825593A00ED913F /* Release */,
			);
			defaultConfigurationIsVisible = 0;
			defaultConfigurationName = Release;
		};
/* End XCConfigurationList section */
	};
	rootObject = 86C4ABCF2825593400ED913F /* Project object */;
}
